
Microsoft Visual Studio Solution File, Format Version 12.00
Project("{FAE04EC0-301F-11D3-BF4B-00C04F79EFBC}") = "ProductApi", "ProductApi\ProductApi.csproj", "{00A6B625-7950-4ED4-9A6D-E042EEF7C993}"
EndProject
Project("{FAE04EC0-301F-11D3-BF4B-00C04F79EFBC}") = "VShop.Web", "VShop.Web\VShop.Web.csproj", "{8B1363E3-C2BC-4F2F-87FE-FADC8FE4EE4A}"
EndProject
Project("{2150E333-8FDC-42A3-9474-1A3956D46DE8}") = "FrontEnd", "FrontEnd", "{3B394313-7050-4AB6-A5E1-4F4D12B1DA91}"
EndProject
Project("{2150E333-8FDC-42A3-9474-1A3956D46DE8}") = "BackEnd", "BackEnd", "{DA54DC38-E03E-432D-973A-8F981B31BC5F}"
EndProject
Project("{FAE04EC0-301F-11D3-BF4B-00C04F79EFBC}") = "VShop.IdentityServer", "VShop.IdentityServer\VShop.IdentityServer.csproj", "{F2AD8E23-982F-4220-8226-E86A8E4EFE1C}"
EndProject
Global
	GlobalSection(SolutionConfigurationPlatforms) = preSolution
		Debug|Any CPU = Debug|Any CPU
		Release|Any CPU = Release|Any CPU
	EndGlobalSection
	GlobalSection(ProjectConfigurationPlatforms) = postSolution
		{00A6B625-7950-4ED4-9A6D-E042EEF7C993}.Debug|Any CPU.ActiveCfg = Debug|Any CPU
		{00A6B625-7950-4ED4-9A6D-E042EEF7C993}.Debug|Any CPU.Build.0 = Debug|Any CPU
		{00A6B625-7950-4ED4-9A6D-E042EEF7C993}.Release|Any CPU.ActiveCfg = Release|Any CPU
		{00A6B625-7950-4ED4-9A6D-E042EEF7C993}.Release|Any CPU.Build.0 = Release|Any CPU
		{8B1363E3-C2BC-4F2F-87FE-FADC8FE4EE4A}.Debug|Any CPU.ActiveCfg = Debug|Any CPU
		{8B1363E3-C2BC-4F2F-87FE-FADC8FE4EE4A}.Debug|Any CPU.Build.0 = Debug|Any CPU
		{8B1363E3-C2BC-4F2F-87FE-FADC8FE4EE4A}.Release|Any CPU.ActiveCfg = Release|Any CPU
		{8B1363E3-C2BC-4F2F-87FE-FADC8FE4EE4A}.Release|Any CPU.Build.0 = Release|Any CPU
		{F2AD8E23-982F-4220-8226-E86A8E4EFE1C}.Debug|Any CPU.ActiveCfg = Debug|Any CPU
		{F2AD8E23-982F-4220-8226-E86A8E4EFE1C}.Debug|Any CPU.Build.0 = Debug|Any CPU
		{F2AD8E23-982F-4220-8226-E86A8E4EFE1C}.Release|Any CPU.ActiveCfg = Release|Any CPU
		{F2AD8E23-982F-4220-8226-E86A8E4EFE1C}.Release|Any CPU.Build.0 = Release|Any CPU
	EndGlobalSection
	GlobalSection(NestedProjects) = preSolution
		{8B1363E3-C2BC-4F2F-87FE-FADC8FE4EE4A} = {3B394313-7050-4AB6-A5E1-4F4D12B1DA91}
		{00A6B625-7950-4ED4-9A6D-E042EEF7C993} = {DA54DC38-E03E-432D-973A-8F981B31BC5F}
		{F2AD8E23-982F-4220-8226-E86A8E4EFE1C} = {DA54DC38-E03E-432D-973A-8F981B31BC5F}
	EndGlobalSection
EndGlobal
