
Microsoft Visual Studio Solution File, Format Version 12.00
Project("{FAE04EC0-301F-11D3-BF4B-00C04F79EFBC}") = "ProductApi", "ProductApi\ProductApi.csproj", "{00A6B625-7950-4ED4-9A6D-E042EEF7C993}"
EndProject
Project("{FAE04EC0-301F-11D3-BF4B-00C04F79EFBC}") = "VShop.Web", "VShop.Web\VShop.Web.csproj", "{8B1363E3-C2BC-4F2F-87FE-FADC8FE4EE4A}"
EndProject
Global
	GlobalSection(SolutionConfigurationPlatforms) = preSolution
		Debug|Any CPU = Debug|Any CPU
		Release|Any CPU = Release|Any CPU
	EndGlobalSection
	GlobalSection(ProjectConfigurationPlatforms) = postSolution
		{00A6B625-7950-4ED4-9A6D-E042EEF7C993}.Debug|Any CPU.ActiveCfg = Debug|Any CPU
		{00A6B625-7950-4ED4-9A6D-E042EEF7C993}.Debug|Any CPU.Build.0 = Debug|Any CPU
		{00A6B625-7950-4ED4-9A6D-E042EEF7C993}.Release|Any CPU.ActiveCfg = Release|Any CPU
		{00A6B625-7950-4ED4-9A6D-E042EEF7C993}.Release|Any CPU.Build.0 = Release|Any CPU
		{8B1363E3-C2BC-4F2F-87FE-FADC8FE4EE4A}.Debug|Any CPU.ActiveCfg = Debug|Any CPU
		{8B1363E3-C2BC-4F2F-87FE-FADC8FE4EE4A}.Debug|Any CPU.Build.0 = Debug|Any CPU
		{8B1363E3-C2BC-4F2F-87FE-FADC8FE4EE4A}.Release|Any CPU.ActiveCfg = Release|Any CPU
		{8B1363E3-C2BC-4F2F-87FE-FADC8FE4EE4A}.Release|Any CPU.Build.0 = Release|Any CPU
	EndGlobalSection
EndGlobal
